// !$*UTF8*$!
{
	archiveVersion = 1;
	classes = {
	};
	objectVersion = 46;
	objects = {

/* Begin PBXAggregateTarget section */
		"Down::DownPackageTests::ProductTarget" /* DownPackageTests */ = {
			isa = PBXAggregateTarget;
			buildConfigurationList = OBJ_256 /* Build configuration list for PBXAggregateTarget "DownPackageTests" */;
			buildPhases = (
			);
			dependencies = (
				OBJ_259 /* PBXTargetDependency */,
			);
			name = DownPackageTests;
			productName = DownPackageTests;
		};
/* End PBXAggregateTarget section */

/* Begin PBXBuildFile section */
		C0A4484625FB5CEB004C3AE0 /* buffer.h in Headers */ = {isa = PBXBuildFile; fileRef = OBJ_102 /* buffer.h */; settings = {ATTRIBUTES = (Public, ); }; };
		C0A4484725FB5CEB004C3AE0 /* chunk.h in Headers */ = {isa = PBXBuildFile; fileRef = OBJ_132 /* chunk.h */; settings = {ATTRIBUTES = (Public, ); }; };
		C0A4484825FB5CEB004C3AE0 /* parser.h in Headers */ = {isa = PBXBuildFile; fileRef = OBJ_133 /* parser.h */; settings = {ATTRIBUTES = (Public, ); }; };
		C0A4484925FB5CEB004C3AE0 /* references.h in Headers */ = {isa = PBXBuildFile; fileRef = OBJ_144 /* references.h */; settings = {ATTRIBUTES = (Public, ); }; };
		C0A4484A25FB5CEB004C3AE0 /* scanners.h in Headers */ = {isa = PBXBuildFile; fileRef = OBJ_134 /* scanners.h */; settings = {ATTRIBUTES = (Public, ); }; };
		C0A4484B25FB5CEB004C3AE0 /* node.h in Headers */ = {isa = PBXBuildFile; fileRef = OBJ_135 /* node.h */; settings = {ATTRIBUTES = (Public, ); }; };
		C0A4484C25FB5CEB004C3AE0 /* cmark.h in Headers */ = {isa = PBXBuildFile; fileRef = OBJ_104 /* cmark.h */; settings = {ATTRIBUTES = (Public, ); }; };
		C0A4484D25FB5CEB004C3AE0 /* iterator.h in Headers */ = {isa = PBXBuildFile; fileRef = OBJ_107 /* iterator.h */; settings = {ATTRIBUTES = (Public, ); }; };
		C0A4484E25FB5CEB004C3AE0 /* cmark_export.h in Headers */ = {isa = PBXBuildFile; fileRef = OBJ_130 /* cmark_export.h */; settings = {ATTRIBUTES = (Public, ); }; };
		C0A4484F25FB5CEB004C3AE0 /* utf8.h in Headers */ = {isa = PBXBuildFile; fileRef = OBJ_108 /* utf8.h */; settings = {ATTRIBUTES = (Public, ); }; };
		C0A4485025FB5CEB004C3AE0 /* cmark_version.h in Headers */ = {isa = PBXBuildFile; fileRef = OBJ_136 /* cmark_version.h */; settings = {ATTRIBUTES = (Public, ); }; };
		C0A4485125FB5CEB004C3AE0 /* render.h in Headers */ = {isa = PBXBuildFile; fileRef = OBJ_110 /* render.h */; settings = {ATTRIBUTES = (Public, ); }; };
		C0A4485225FB5CEB004C3AE0 /* inlines.h in Headers */ = {isa = PBXBuildFile; fileRef = OBJ_140 /* inlines.h */; settings = {ATTRIBUTES = (Public, ); }; };
		C0A4485325FB5CEB004C3AE0 /* cmark_ctype.h in Headers */ = {isa = PBXBuildFile; fileRef = OBJ_137 /* cmark_ctype.h */; settings = {ATTRIBUTES = (Public, ); }; };
		C0A4485425FB5CEB004C3AE0 /* config.h in Headers */ = {isa = PBXBuildFile; fileRef = OBJ_93 /* config.h */; settings = {ATTRIBUTES = (Public, ); }; };
		C0A4485525FB5CEB004C3AE0 /* houdini.h in Headers */ = {isa = PBXBuildFile; fileRef = OBJ_106 /* houdini.h */; settings = {ATTRIBUTES = (Public, ); }; };
		OBJ_180 /* BaseNode.swift in Sources */ = {isa = PBXBuildFile; fileRef = OBJ_12 /* BaseNode.swift */; };
		OBJ_181 /* BlockQuote.swift in Sources */ = {isa = PBXBuildFile; fileRef = OBJ_13 /* BlockQuote.swift */; };
		OBJ_182 /* ChildSequence.swift in Sources */ = {isa = PBXBuildFile; fileRef = OBJ_14 /* ChildSequence.swift */; };
		OBJ_183 /* Code.swift in Sources */ = {isa = PBXBuildFile; fileRef = OBJ_15 /* Code.swift */; };
		OBJ_184 /* CodeBlock.swift in Sources */ = {isa = PBXBuildFile; fileRef = OBJ_16 /* CodeBlock.swift */; };
		OBJ_185 /* CustomBlock.swift in Sources */ = {isa = PBXBuildFile; fileRef = OBJ_17 /* CustomBlock.swift */; };
		OBJ_186 /* CustomInline.swift in Sources */ = {isa = PBXBuildFile; fileRef = OBJ_18 /* CustomInline.swift */; };
		OBJ_187 /* Document.swift in Sources */ = {isa = PBXBuildFile; fileRef = OBJ_19 /* Document.swift */; };
		OBJ_188 /* Emphasis.swift in Sources */ = {isa = PBXBuildFile; fileRef = OBJ_20 /* Emphasis.swift */; };
		OBJ_189 /* Heading.swift in Sources */ = {isa = PBXBuildFile; fileRef = OBJ_21 /* Heading.swift */; };
		OBJ_190 /* HtmlBlock.swift in Sources */ = {isa = PBXBuildFile; fileRef = OBJ_22 /* HtmlBlock.swift */; };
		OBJ_191 /* HtmlInline.swift in Sources */ = {isa = PBXBuildFile; fileRef = OBJ_23 /* HtmlInline.swift */; };
		OBJ_192 /* Image.swift in Sources */ = {isa = PBXBuildFile; fileRef = OBJ_24 /* Image.swift */; };
		OBJ_193 /* Item.swift in Sources */ = {isa = PBXBuildFile; fileRef = OBJ_25 /* Item.swift */; };
		OBJ_194 /* LineBreak.swift in Sources */ = {isa = PBXBuildFile; fileRef = OBJ_26 /* LineBreak.swift */; };
		OBJ_195 /* Link.swift in Sources */ = {isa = PBXBuildFile; fileRef = OBJ_27 /* Link.swift */; };
		OBJ_196 /* List.swift in Sources */ = {isa = PBXBuildFile; fileRef = OBJ_28 /* List.swift */; };
		OBJ_197 /* Node.swift in Sources */ = {isa = PBXBuildFile; fileRef = OBJ_29 /* Node.swift */; };
		OBJ_198 /* Paragraph.swift in Sources */ = {isa = PBXBuildFile; fileRef = OBJ_30 /* Paragraph.swift */; };
		OBJ_199 /* SoftBreak.swift in Sources */ = {isa = PBXBuildFile; fileRef = OBJ_31 /* SoftBreak.swift */; };
		OBJ_200 /* Strong.swift in Sources */ = {isa = PBXBuildFile; fileRef = OBJ_32 /* Strong.swift */; };
		OBJ_201 /* Text.swift in Sources */ = {isa = PBXBuildFile; fileRef = OBJ_33 /* Text.swift */; };
		OBJ_202 /* ThematicBreak.swift in Sources */ = {isa = PBXBuildFile; fileRef = OBJ_34 /* ThematicBreak.swift */; };
		OBJ_203 /* ColorCollection.swift in Sources */ = {isa = PBXBuildFile; fileRef = OBJ_37 /* ColorCollection.swift */; };
		OBJ_204 /* FontCollection.swift in Sources */ = {isa = PBXBuildFile; fileRef = OBJ_38 /* FontCollection.swift */; };
		OBJ_205 /* ParagraphStyleCollection.swift in Sources */ = {isa = PBXBuildFile; fileRef = OBJ_39 /* ParagraphStyleCollection.swift */; };
		OBJ_206 /* BlockBackgroundColorAttribute.swift in Sources */ = {isa = PBXBuildFile; fileRef = OBJ_41 /* BlockBackgroundColorAttribute.swift */; };
		OBJ_207 /* QuoteStripeAttribute.swift in Sources */ = {isa = PBXBuildFile; fileRef = OBJ_42 /* QuoteStripeAttribute.swift */; };
		OBJ_208 /* ThematicBreakAttribute.swift in Sources */ = {isa = PBXBuildFile; fileRef = OBJ_43 /* ThematicBreakAttribute.swift */; };
		OBJ_209 /* CGPoint+Translate.swift in Sources */ = {isa = PBXBuildFile; fileRef = OBJ_46 /* CGPoint+Translate.swift */; };
		OBJ_210 /* CGRect+Helpers.swift in Sources */ = {isa = PBXBuildFile; fileRef = OBJ_47 /* CGRect+Helpers.swift */; };
		OBJ_211 /* NSAttributedString+Helpers.swift in Sources */ = {isa = PBXBuildFile; fileRef = OBJ_48 /* NSAttributedString+Helpers.swift */; };
		OBJ_212 /* NSMutableAttributedString+Attributes.swift in Sources */ = {isa = PBXBuildFile; fileRef = OBJ_49 /* NSMutableAttributedString+Attributes.swift */; };
		OBJ_213 /* UIFont+Traits.swift in Sources */ = {isa = PBXBuildFile; fileRef = OBJ_50 /* UIFont+Traits.swift */; };
		OBJ_214 /* ListItemParagraphStyler.swift in Sources */ = {isa = PBXBuildFile; fileRef = OBJ_51 /* ListItemParagraphStyler.swift */; };
		OBJ_215 /* DownDebugLayoutManager.swift in Sources */ = {isa = PBXBuildFile; fileRef = OBJ_53 /* DownDebugLayoutManager.swift */; };
		OBJ_216 /* DownLayoutManager.swift in Sources */ = {isa = PBXBuildFile; fileRef = OBJ_54 /* DownLayoutManager.swift */; };
		OBJ_217 /* CodeBlockOptions.swift in Sources */ = {isa = PBXBuildFile; fileRef = OBJ_56 /* CodeBlockOptions.swift */; };
		OBJ_218 /* ListItemOptions.swift in Sources */ = {isa = PBXBuildFile; fileRef = OBJ_57 /* ListItemOptions.swift */; };
		OBJ_219 /* QuoteStripeOptions.swift in Sources */ = {isa = PBXBuildFile; fileRef = OBJ_58 /* QuoteStripeOptions.swift */; };
		OBJ_220 /* ThematicBreakOptions.swift in Sources */ = {isa = PBXBuildFile; fileRef = OBJ_59 /* ThematicBreakOptions.swift */; };
		OBJ_221 /* DownStyler.swift in Sources */ = {isa = PBXBuildFile; fileRef = OBJ_61 /* DownStyler.swift */; };
		OBJ_222 /* DownStylerConfiguration.swift in Sources */ = {isa = PBXBuildFile; fileRef = OBJ_62 /* DownStylerConfiguration.swift */; };
		OBJ_223 /* Styler.swift in Sources */ = {isa = PBXBuildFile; fileRef = OBJ_63 /* Styler.swift */; };
		OBJ_224 /* DownDebugTextView.swift in Sources */ = {isa = PBXBuildFile; fileRef = OBJ_65 /* DownDebugTextView.swift */; };
		OBJ_225 /* DownTextView.swift in Sources */ = {isa = PBXBuildFile; fileRef = OBJ_66 /* DownTextView.swift */; };
		OBJ_226 /* AttributedStringVisitor.swift in Sources */ = {isa = PBXBuildFile; fileRef = OBJ_68 /* AttributedStringVisitor.swift */; };
		OBJ_227 /* DebugVisitor.swift in Sources */ = {isa = PBXBuildFile; fileRef = OBJ_69 /* DebugVisitor.swift */; };
		OBJ_228 /* ListItemPrefixGenerator.swift in Sources */ = {isa = PBXBuildFile; fileRef = OBJ_70 /* ListItemPrefixGenerator.swift */; };
		OBJ_229 /* Visitor.swift in Sources */ = {isa = PBXBuildFile; fileRef = OBJ_71 /* Visitor.swift */; };
		OBJ_230 /* Down.swift in Sources */ = {isa = PBXBuildFile; fileRef = OBJ_72 /* Down.swift */; };
		OBJ_231 /* DownErrors.swift in Sources */ = {isa = PBXBuildFile; fileRef = OBJ_74 /* DownErrors.swift */; };
		OBJ_232 /* DownOptions.swift in Sources */ = {isa = PBXBuildFile; fileRef = OBJ_75 /* DownOptions.swift */; };
		OBJ_233 /* NSAttributedString+HTML.swift in Sources */ = {isa = PBXBuildFile; fileRef = OBJ_77 /* NSAttributedString+HTML.swift */; };
		OBJ_234 /* String+ToHTML.swift in Sources */ = {isa = PBXBuildFile; fileRef = OBJ_78 /* String+ToHTML.swift */; };
		OBJ_235 /* DownASTRenderable.swift in Sources */ = {isa = PBXBuildFile; fileRef = OBJ_80 /* DownASTRenderable.swift */; };
		OBJ_236 /* DownAttributedStringRenderable.swift in Sources */ = {isa = PBXBuildFile; fileRef = OBJ_81 /* DownAttributedStringRenderable.swift */; };
		OBJ_237 /* DownCommonMarkRenderable.swift in Sources */ = {isa = PBXBuildFile; fileRef = OBJ_82 /* DownCommonMarkRenderable.swift */; };
		OBJ_238 /* DownGroffRenderable.swift in Sources */ = {isa = PBXBuildFile; fileRef = OBJ_83 /* DownGroffRenderable.swift */; };
		OBJ_239 /* DownHTMLRenderable.swift in Sources */ = {isa = PBXBuildFile; fileRef = OBJ_84 /* DownHTMLRenderable.swift */; };
		OBJ_240 /* DownLaTeXRenderable.swift in Sources */ = {isa = PBXBuildFile; fileRef = OBJ_85 /* DownLaTeXRenderable.swift */; };
		OBJ_241 /* DownRenderable.swift in Sources */ = {isa = PBXBuildFile; fileRef = OBJ_86 /* DownRenderable.swift */; };
		OBJ_242 /* DownXMLRenderable.swift in Sources */ = {isa = PBXBuildFile; fileRef = OBJ_87 /* DownXMLRenderable.swift */; };
		OBJ_243 /* BundleHelper.swift in Sources */ = {isa = PBXBuildFile; fileRef = OBJ_89 /* BundleHelper.swift */; };
		OBJ_244 /* DownView.swift in Sources */ = {isa = PBXBuildFile; fileRef = OBJ_90 /* DownView.swift */; };
		OBJ_246 /* libcmark.framework in Frameworks */ = {isa = PBXBuildFile; fileRef = "Down::libcmark::Product" /* libcmark.framework */; };
		OBJ_254 /* Package.swift in Sources */ = {isa = PBXBuildFile; fileRef = OBJ_6 /* Package.swift */; };
		OBJ_265 /* ListItemPrefixGeneratorTests.swift in Sources */ = {isa = PBXBuildFile; fileRef = OBJ_150 /* ListItemPrefixGeneratorTests.swift */; };
		OBJ_266 /* NodeTests.swift in Sources */ = {isa = PBXBuildFile; fileRef = OBJ_151 /* NodeTests.swift */; };
		OBJ_267 /* BindingTests.swift in Sources */ = {isa = PBXBuildFile; fileRef = OBJ_152 /* BindingTests.swift */; };
		OBJ_268 /* NSAttributedStringTests.swift in Sources */ = {isa = PBXBuildFile; fileRef = OBJ_153 /* NSAttributedStringTests.swift */; };
		OBJ_269 /* StringTests.swift in Sources */ = {isa = PBXBuildFile; fileRef = OBJ_154 /* StringTests.swift */; };
		OBJ_270 /* CGPoint_TranslateTests.swift in Sources */ = {isa = PBXBuildFile; fileRef = OBJ_157 /* CGPoint_TranslateTests.swift */; };
		OBJ_271 /* CGRect_HelpersTests.swift in Sources */ = {isa = PBXBuildFile; fileRef = OBJ_158 /* CGRect_HelpersTests.swift */; };
		OBJ_272 /* NSAttributedString+HelpersTests.swift in Sources */ = {isa = PBXBuildFile; fileRef = OBJ_159 /* NSAttributedString+HelpersTests.swift */; };
		OBJ_273 /* NSMutableAttributedString+AttributesTests.swift in Sources */ = {isa = PBXBuildFile; fileRef = OBJ_160 /* NSMutableAttributedString+AttributesTests.swift */; };
		OBJ_275 /* Down.framework in Frameworks */ = {isa = PBXBuildFile; fileRef = "Down::Down::Product" /* Down.framework */; };
		OBJ_276 /* libcmark.framework in Frameworks */ = {isa = PBXBuildFile; fileRef = "Down::libcmark::Product" /* libcmark.framework */; };
		OBJ_283 /* blocks.c in Sources */ = {isa = PBXBuildFile; fileRef = OBJ_111 /* blocks.c */; };
		OBJ_284 /* buffer.c in Sources */ = {isa = PBXBuildFile; fileRef = OBJ_112 /* buffer.c */; };
		OBJ_285 /* cmark.c in Sources */ = {isa = PBXBuildFile; fileRef = OBJ_113 /* cmark.c */; };
		OBJ_286 /* cmark_ctype.c in Sources */ = {isa = PBXBuildFile; fileRef = OBJ_114 /* cmark_ctype.c */; };
		OBJ_287 /* commonmark.c in Sources */ = {isa = PBXBuildFile; fileRef = OBJ_115 /* commonmark.c */; };
		OBJ_288 /* houdini_href_e.c in Sources */ = {isa = PBXBuildFile; fileRef = OBJ_116 /* houdini_href_e.c */; };
		OBJ_289 /* houdini_html_e.c in Sources */ = {isa = PBXBuildFile; fileRef = OBJ_117 /* houdini_html_e.c */; };
		OBJ_290 /* houdini_html_u.c in Sources */ = {isa = PBXBuildFile; fileRef = OBJ_118 /* houdini_html_u.c */; };
		OBJ_291 /* html.c in Sources */ = {isa = PBXBuildFile; fileRef = OBJ_119 /* html.c */; };
		OBJ_292 /* inlines.c in Sources */ = {isa = PBXBuildFile; fileRef = OBJ_120 /* inlines.c */; };
		OBJ_293 /* iterator.c in Sources */ = {isa = PBXBuildFile; fileRef = OBJ_121 /* iterator.c */; };
		OBJ_294 /* latex.c in Sources */ = {isa = PBXBuildFile; fileRef = OBJ_122 /* latex.c */; };
		OBJ_295 /* man.c in Sources */ = {isa = PBXBuildFile; fileRef = OBJ_123 /* man.c */; };
		OBJ_296 /* node.c in Sources */ = {isa = PBXBuildFile; fileRef = OBJ_124 /* node.c */; };
		OBJ_297 /* references.c in Sources */ = {isa = PBXBuildFile; fileRef = OBJ_125 /* references.c */; };
		OBJ_298 /* render.c in Sources */ = {isa = PBXBuildFile; fileRef = OBJ_126 /* render.c */; };
		OBJ_299 /* scanners.c in Sources */ = {isa = PBXBuildFile; fileRef = OBJ_127 /* scanners.c */; };
		OBJ_300 /* utf8.c in Sources */ = {isa = PBXBuildFile; fileRef = OBJ_128 /* utf8.c */; };
		OBJ_301 /* xml.c in Sources */ = {isa = PBXBuildFile; fileRef = OBJ_129 /* xml.c */; };
/* End PBXBuildFile section */

/* Begin PBXContainerItemProxy section */
		C01AF75525FB436E00FAE709 /* PBXContainerItemProxy */ = {
			isa = PBXContainerItemProxy;
			containerPortal = OBJ_1 /* Project object */;
			proxyType = 1;
			remoteGlobalIDString = "Down::libcmark";
			remoteInfo = libcmark;
		};
		C01AF75625FB436E00FAE709 /* PBXContainerItemProxy */ = {
			isa = PBXContainerItemProxy;
			containerPortal = OBJ_1 /* Project object */;
			proxyType = 1;
			remoteGlobalIDString = "Down::Down";
			remoteInfo = Down;
		};
		C01AF75725FB436E00FAE709 /* PBXContainerItemProxy */ = {
			isa = PBXContainerItemProxy;
			containerPortal = OBJ_1 /* Project object */;
			proxyType = 1;
			remoteGlobalIDString = "Down::libcmark";
			remoteInfo = libcmark;
		};
		C01AF75A25FB437000FAE709 /* PBXContainerItemProxy */ = {
			isa = PBXContainerItemProxy;
			containerPortal = OBJ_1 /* Project object */;
			proxyType = 1;
			remoteGlobalIDString = "Down::DownTests";
			remoteInfo = DownTests;
		};
/* End PBXContainerItemProxy section */

/* Begin PBXFileReference section */
		C0A4483925FB5AD9004C3AE0 /* module.modulemap */ = {isa = PBXFileReference; lastKnownFileType = "sourcecode.module-map"; path = module.modulemap; sourceTree = "<group>"; };
		"Down::Down::Product" /* Down.framework */ = {isa = PBXFileReference; explicitFileType = wrapper.framework; path = Down.framework; sourceTree = BUILT_PRODUCTS_DIR; };
		"Down::DownTests::Product" /* DownTests.xctest */ = {isa = PBXFileReference; explicitFileType = wrapper.cfbundle; path = DownTests.xctest; sourceTree = BUILT_PRODUCTS_DIR; };
		"Down::libcmark::Product" /* libcmark.framework */ = {isa = PBXFileReference; explicitFileType = wrapper.framework; path = libcmark.framework; sourceTree = BUILT_PRODUCTS_DIR; };
		OBJ_100 /* cmark_version.h */ = {isa = PBXFileReference; lastKnownFileType = sourcecode.c.h; path = cmark_version.h; sourceTree = "<group>"; };
		OBJ_101 /* cmark_ctype.h */ = {isa = PBXFileReference; lastKnownFileType = sourcecode.c.h; path = cmark_ctype.h; sourceTree = "<group>"; };
		OBJ_102 /* buffer.h */ = {isa = PBXFileReference; lastKnownFileType = sourcecode.c.h; path = buffer.h; sourceTree = "<group>"; };
		OBJ_103 /* COPYING */ = {isa = PBXFileReference; lastKnownFileType = text; path = COPYING; sourceTree = "<group>"; };
		OBJ_104 /* cmark.h */ = {isa = PBXFileReference; lastKnownFileType = sourcecode.c.h; path = cmark.h; sourceTree = "<group>"; };
		OBJ_105 /* inlines.h */ = {isa = PBXFileReference; lastKnownFileType = sourcecode.c.h; path = inlines.h; sourceTree = "<group>"; };
		OBJ_106 /* houdini.h */ = {isa = PBXFileReference; lastKnownFileType = sourcecode.c.h; path = houdini.h; sourceTree = "<group>"; };
		OBJ_107 /* iterator.h */ = {isa = PBXFileReference; lastKnownFileType = sourcecode.c.h; path = iterator.h; sourceTree = "<group>"; };
		OBJ_108 /* utf8.h */ = {isa = PBXFileReference; lastKnownFileType = sourcecode.c.h; path = utf8.h; sourceTree = "<group>"; };
		OBJ_109 /* references.h */ = {isa = PBXFileReference; lastKnownFileType = sourcecode.c.h; path = references.h; sourceTree = "<group>"; };
		OBJ_110 /* render.h */ = {isa = PBXFileReference; lastKnownFileType = sourcecode.c.h; path = render.h; sourceTree = "<group>"; };
		OBJ_111 /* blocks.c */ = {isa = PBXFileReference; lastKnownFileType = sourcecode.c.c; path = blocks.c; sourceTree = "<group>"; };
		OBJ_112 /* buffer.c */ = {isa = PBXFileReference; lastKnownFileType = sourcecode.c.c; path = buffer.c; sourceTree = "<group>"; };
		OBJ_113 /* cmark.c */ = {isa = PBXFileReference; lastKnownFileType = sourcecode.c.c; path = cmark.c; sourceTree = "<group>"; };
		OBJ_114 /* cmark_ctype.c */ = {isa = PBXFileReference; lastKnownFileType = sourcecode.c.c; path = cmark_ctype.c; sourceTree = "<group>"; };
		OBJ_115 /* commonmark.c */ = {isa = PBXFileReference; lastKnownFileType = sourcecode.c.c; path = commonmark.c; sourceTree = "<group>"; };
		OBJ_116 /* houdini_href_e.c */ = {isa = PBXFileReference; lastKnownFileType = sourcecode.c.c; path = houdini_href_e.c; sourceTree = "<group>"; };
		OBJ_117 /* houdini_html_e.c */ = {isa = PBXFileReference; lastKnownFileType = sourcecode.c.c; path = houdini_html_e.c; sourceTree = "<group>"; };
		OBJ_118 /* houdini_html_u.c */ = {isa = PBXFileReference; lastKnownFileType = sourcecode.c.c; path = houdini_html_u.c; sourceTree = "<group>"; };
		OBJ_119 /* html.c */ = {isa = PBXFileReference; lastKnownFileType = sourcecode.c.c; path = html.c; sourceTree = "<group>"; };
		OBJ_12 /* BaseNode.swift */ = {isa = PBXFileReference; lastKnownFileType = sourcecode.swift; path = BaseNode.swift; sourceTree = "<group>"; };
		OBJ_120 /* inlines.c */ = {isa = PBXFileReference; lastKnownFileType = sourcecode.c.c; path = inlines.c; sourceTree = "<group>"; };
		OBJ_121 /* iterator.c */ = {isa = PBXFileReference; lastKnownFileType = sourcecode.c.c; path = iterator.c; sourceTree = "<group>"; };
		OBJ_122 /* latex.c */ = {isa = PBXFileReference; lastKnownFileType = sourcecode.c.c; path = latex.c; sourceTree = "<group>"; };
		OBJ_123 /* man.c */ = {isa = PBXFileReference; lastKnownFileType = sourcecode.c.c; path = man.c; sourceTree = "<group>"; };
		OBJ_124 /* node.c */ = {isa = PBXFileReference; lastKnownFileType = sourcecode.c.c; path = node.c; sourceTree = "<group>"; };
		OBJ_125 /* references.c */ = {isa = PBXFileReference; lastKnownFileType = sourcecode.c.c; path = references.c; sourceTree = "<group>"; };
		OBJ_126 /* render.c */ = {isa = PBXFileReference; lastKnownFileType = sourcecode.c.c; path = render.c; sourceTree = "<group>"; };
		OBJ_127 /* scanners.c */ = {isa = PBXFileReference; lastKnownFileType = sourcecode.c.c; path = scanners.c; sourceTree = "<group>"; };
		OBJ_128 /* utf8.c */ = {isa = PBXFileReference; lastKnownFileType = sourcecode.c.c; path = utf8.c; sourceTree = "<group>"; };
		OBJ_129 /* xml.c */ = {isa = PBXFileReference; lastKnownFileType = sourcecode.c.c; path = xml.c; sourceTree = "<group>"; };
		OBJ_13 /* BlockQuote.swift */ = {isa = PBXFileReference; lastKnownFileType = sourcecode.swift; path = BlockQuote.swift; sourceTree = "<group>"; };
		OBJ_130 /* cmark_export.h */ = {isa = PBXFileReference; lastKnownFileType = sourcecode.c.h; path = cmark_export.h; sourceTree = "<group>"; };
		OBJ_131 /* config.h */ = {isa = PBXFileReference; lastKnownFileType = sourcecode.c.h; path = config.h; sourceTree = "<group>"; };
		OBJ_132 /* chunk.h */ = {isa = PBXFileReference; lastKnownFileType = sourcecode.c.h; path = chunk.h; sourceTree = "<group>"; };
		OBJ_133 /* parser.h */ = {isa = PBXFileReference; lastKnownFileType = sourcecode.c.h; path = parser.h; sourceTree = "<group>"; };
		OBJ_134 /* scanners.h */ = {isa = PBXFileReference; lastKnownFileType = sourcecode.c.h; path = scanners.h; sourceTree = "<group>"; };
		OBJ_135 /* node.h */ = {isa = PBXFileReference; lastKnownFileType = sourcecode.c.h; path = node.h; sourceTree = "<group>"; };
		OBJ_136 /* cmark_version.h */ = {isa = PBXFileReference; lastKnownFileType = sourcecode.c.h; path = cmark_version.h; sourceTree = "<group>"; };
		OBJ_137 /* cmark_ctype.h */ = {isa = PBXFileReference; lastKnownFileType = sourcecode.c.h; path = cmark_ctype.h; sourceTree = "<group>"; };
		OBJ_138 /* buffer.h */ = {isa = PBXFileReference; lastKnownFileType = sourcecode.c.h; path = buffer.h; sourceTree = "<group>"; };
		OBJ_139 /* cmark.h */ = {isa = PBXFileReference; lastKnownFileType = sourcecode.c.h; path = cmark.h; sourceTree = "<group>"; };
		OBJ_14 /* ChildSequence.swift */ = {isa = PBXFileReference; lastKnownFileType = sourcecode.swift; path = ChildSequence.swift; sourceTree = "<group>"; };
		OBJ_140 /* inlines.h */ = {isa = PBXFileReference; lastKnownFileType = sourcecode.c.h; path = inlines.h; sourceTree = "<group>"; };
		OBJ_141 /* houdini.h */ = {isa = PBXFileReference; lastKnownFileType = sourcecode.c.h; path = houdini.h; sourceTree = "<group>"; };
		OBJ_142 /* iterator.h */ = {isa = PBXFileReference; lastKnownFileType = sourcecode.c.h; path = iterator.h; sourceTree = "<group>"; };
		OBJ_143 /* utf8.h */ = {isa = PBXFileReference; lastKnownFileType = sourcecode.c.h; path = utf8.h; sourceTree = "<group>"; };
		OBJ_144 /* references.h */ = {isa = PBXFileReference; lastKnownFileType = sourcecode.c.h; path = references.h; sourceTree = "<group>"; };
		OBJ_145 /* render.h */ = {isa = PBXFileReference; lastKnownFileType = sourcecode.c.h; path = render.h; sourceTree = "<group>"; };
		OBJ_15 /* Code.swift */ = {isa = PBXFileReference; lastKnownFileType = sourcecode.swift; path = Code.swift; sourceTree = "<group>"; };
		OBJ_150 /* ListItemPrefixGeneratorTests.swift */ = {isa = PBXFileReference; lastKnownFileType = sourcecode.swift; path = ListItemPrefixGeneratorTests.swift; sourceTree = "<group>"; };
		OBJ_151 /* NodeTests.swift */ = {isa = PBXFileReference; lastKnownFileType = sourcecode.swift; path = NodeTests.swift; sourceTree = "<group>"; };
		OBJ_152 /* BindingTests.swift */ = {isa = PBXFileReference; lastKnownFileType = sourcecode.swift; path = BindingTests.swift; sourceTree = "<group>"; };
		OBJ_153 /* NSAttributedStringTests.swift */ = {isa = PBXFileReference; lastKnownFileType = sourcecode.swift; path = NSAttributedStringTests.swift; sourceTree = "<group>"; };
		OBJ_154 /* StringTests.swift */ = {isa = PBXFileReference; lastKnownFileType = sourcecode.swift; path = StringTests.swift; sourceTree = "<group>"; };
		OBJ_157 /* CGPoint_TranslateTests.swift */ = {isa = PBXFileReference; lastKnownFileType = sourcecode.swift; path = CGPoint_TranslateTests.swift; sourceTree = "<group>"; };
		OBJ_158 /* CGRect_HelpersTests.swift */ = {isa = PBXFileReference; lastKnownFileType = sourcecode.swift; path = CGRect_HelpersTests.swift; sourceTree = "<group>"; };
		OBJ_159 /* NSAttributedString+HelpersTests.swift */ = {isa = PBXFileReference; lastKnownFileType = sourcecode.swift; path = "NSAttributedString+HelpersTests.swift"; sourceTree = "<group>"; };
		OBJ_16 /* CodeBlock.swift */ = {isa = PBXFileReference; lastKnownFileType = sourcecode.swift; path = CodeBlock.swift; sourceTree = "<group>"; };
		OBJ_160 /* NSMutableAttributedString+AttributesTests.swift */ = {isa = PBXFileReference; lastKnownFileType = sourcecode.swift; path = "NSMutableAttributedString+AttributesTests.swift"; sourceTree = "<group>"; };
		OBJ_165 /* docker */ = {isa = PBXFileReference; lastKnownFileType = folder; path = docker; sourceTree = SOURCE_ROOT; };
		OBJ_166 /* Images */ = {isa = PBXFileReference; lastKnownFileType = folder; path = Images; sourceTree = SOURCE_ROOT; };
		OBJ_167 /* DownSnapshotTests */ = {isa = PBXFileReference; lastKnownFileType = folder; path = DownSnapshotTests; sourceTree = SOURCE_ROOT; };
		OBJ_168 /* Supporting Files */ = {isa = PBXFileReference; lastKnownFileType = folder; path = "Supporting Files"; sourceTree = SOURCE_ROOT; };
		OBJ_169 /* Down-Example */ = {isa = PBXFileReference; lastKnownFileType = folder; path = "Down-Example"; sourceTree = SOURCE_ROOT; };
		OBJ_17 /* CustomBlock.swift */ = {isa = PBXFileReference; lastKnownFileType = sourcecode.swift; path = CustomBlock.swift; sourceTree = "<group>"; };
		OBJ_170 /* codecov.yml */ = {isa = PBXFileReference; lastKnownFileType = text.yaml; path = codecov.yml; sourceTree = "<group>"; };
		OBJ_171 /* LICENSE */ = {isa = PBXFileReference; lastKnownFileType = text; path = LICENSE; sourceTree = "<group>"; };
		OBJ_172 /* CHANGELOG.md */ = {isa = PBXFileReference; lastKnownFileType = net.daringfireball.markdown; path = CHANGELOG.md; sourceTree = "<group>"; };
		OBJ_173 /* README.md */ = {isa = PBXFileReference; lastKnownFileType = net.daringfireball.markdown; path = README.md; sourceTree = "<group>"; };
		OBJ_174 /* Down.podspec */ = {isa = PBXFileReference; lastKnownFileType = text; path = Down.podspec; sourceTree = "<group>"; };
		OBJ_18 /* CustomInline.swift */ = {isa = PBXFileReference; lastKnownFileType = sourcecode.swift; path = CustomInline.swift; sourceTree = "<group>"; };
		OBJ_19 /* Document.swift */ = {isa = PBXFileReference; lastKnownFileType = sourcecode.swift; path = Document.swift; sourceTree = "<group>"; };
		OBJ_20 /* Emphasis.swift */ = {isa = PBXFileReference; lastKnownFileType = sourcecode.swift; path = Emphasis.swift; sourceTree = "<group>"; };
		OBJ_21 /* Heading.swift */ = {isa = PBXFileReference; lastKnownFileType = sourcecode.swift; path = Heading.swift; sourceTree = "<group>"; };
		OBJ_22 /* HtmlBlock.swift */ = {isa = PBXFileReference; lastKnownFileType = sourcecode.swift; path = HtmlBlock.swift; sourceTree = "<group>"; };
		OBJ_23 /* HtmlInline.swift */ = {isa = PBXFileReference; lastKnownFileType = sourcecode.swift; path = HtmlInline.swift; sourceTree = "<group>"; };
		OBJ_24 /* Image.swift */ = {isa = PBXFileReference; lastKnownFileType = sourcecode.swift; path = Image.swift; sourceTree = "<group>"; };
		OBJ_25 /* Item.swift */ = {isa = PBXFileReference; lastKnownFileType = sourcecode.swift; path = Item.swift; sourceTree = "<group>"; };
		OBJ_26 /* LineBreak.swift */ = {isa = PBXFileReference; lastKnownFileType = sourcecode.swift; path = LineBreak.swift; sourceTree = "<group>"; };
		OBJ_27 /* Link.swift */ = {isa = PBXFileReference; lastKnownFileType = sourcecode.swift; path = Link.swift; sourceTree = "<group>"; };
		OBJ_28 /* List.swift */ = {isa = PBXFileReference; lastKnownFileType = sourcecode.swift; path = List.swift; sourceTree = "<group>"; };
		OBJ_29 /* Node.swift */ = {isa = PBXFileReference; lastKnownFileType = sourcecode.swift; path = Node.swift; sourceTree = "<group>"; };
		OBJ_30 /* Paragraph.swift */ = {isa = PBXFileReference; lastKnownFileType = sourcecode.swift; path = Paragraph.swift; sourceTree = "<group>"; };
		OBJ_31 /* SoftBreak.swift */ = {isa = PBXFileReference; lastKnownFileType = sourcecode.swift; path = SoftBreak.swift; sourceTree = "<group>"; };
		OBJ_32 /* Strong.swift */ = {isa = PBXFileReference; lastKnownFileType = sourcecode.swift; path = Strong.swift; sourceTree = "<group>"; };
		OBJ_33 /* Text.swift */ = {isa = PBXFileReference; lastKnownFileType = sourcecode.swift; path = Text.swift; sourceTree = "<group>"; };
		OBJ_34 /* ThematicBreak.swift */ = {isa = PBXFileReference; lastKnownFileType = sourcecode.swift; path = ThematicBreak.swift; sourceTree = "<group>"; };
		OBJ_37 /* ColorCollection.swift */ = {isa = PBXFileReference; lastKnownFileType = sourcecode.swift; path = ColorCollection.swift; sourceTree = "<group>"; };
		OBJ_38 /* FontCollection.swift */ = {isa = PBXFileReference; lastKnownFileType = sourcecode.swift; path = FontCollection.swift; sourceTree = "<group>"; };
		OBJ_39 /* ParagraphStyleCollection.swift */ = {isa = PBXFileReference; lastKnownFileType = sourcecode.swift; path = ParagraphStyleCollection.swift; sourceTree = "<group>"; };
		OBJ_41 /* BlockBackgroundColorAttribute.swift */ = {isa = PBXFileReference; lastKnownFileType = sourcecode.swift; path = BlockBackgroundColorAttribute.swift; sourceTree = "<group>"; };
		OBJ_42 /* QuoteStripeAttribute.swift */ = {isa = PBXFileReference; lastKnownFileType = sourcecode.swift; path = QuoteStripeAttribute.swift; sourceTree = "<group>"; };
		OBJ_43 /* ThematicBreakAttribute.swift */ = {isa = PBXFileReference; lastKnownFileType = sourcecode.swift; path = ThematicBreakAttribute.swift; sourceTree = "<group>"; };
		OBJ_46 /* CGPoint+Translate.swift */ = {isa = PBXFileReference; lastKnownFileType = sourcecode.swift; path = "CGPoint+Translate.swift"; sourceTree = "<group>"; };
		OBJ_47 /* CGRect+Helpers.swift */ = {isa = PBXFileReference; lastKnownFileType = sourcecode.swift; path = "CGRect+Helpers.swift"; sourceTree = "<group>"; };
		OBJ_48 /* NSAttributedString+Helpers.swift */ = {isa = PBXFileReference; lastKnownFileType = sourcecode.swift; path = "NSAttributedString+Helpers.swift"; sourceTree = "<group>"; };
		OBJ_49 /* NSMutableAttributedString+Attributes.swift */ = {isa = PBXFileReference; lastKnownFileType = sourcecode.swift; path = "NSMutableAttributedString+Attributes.swift"; sourceTree = "<group>"; };
		OBJ_50 /* UIFont+Traits.swift */ = {isa = PBXFileReference; lastKnownFileType = sourcecode.swift; path = "UIFont+Traits.swift"; sourceTree = "<group>"; };
		OBJ_51 /* ListItemParagraphStyler.swift */ = {isa = PBXFileReference; lastKnownFileType = sourcecode.swift; path = ListItemParagraphStyler.swift; sourceTree = "<group>"; };
		OBJ_53 /* DownDebugLayoutManager.swift */ = {isa = PBXFileReference; lastKnownFileType = sourcecode.swift; path = DownDebugLayoutManager.swift; sourceTree = "<group>"; };
		OBJ_54 /* DownLayoutManager.swift */ = {isa = PBXFileReference; lastKnownFileType = sourcecode.swift; path = DownLayoutManager.swift; sourceTree = "<group>"; };
		OBJ_56 /* CodeBlockOptions.swift */ = {isa = PBXFileReference; lastKnownFileType = sourcecode.swift; path = CodeBlockOptions.swift; sourceTree = "<group>"; };
		OBJ_57 /* ListItemOptions.swift */ = {isa = PBXFileReference; lastKnownFileType = sourcecode.swift; path = ListItemOptions.swift; sourceTree = "<group>"; };
		OBJ_58 /* QuoteStripeOptions.swift */ = {isa = PBXFileReference; lastKnownFileType = sourcecode.swift; path = QuoteStripeOptions.swift; sourceTree = "<group>"; };
		OBJ_59 /* ThematicBreakOptions.swift */ = {isa = PBXFileReference; lastKnownFileType = sourcecode.swift; path = ThematicBreakOptions.swift; sourceTree = "<group>"; };
		OBJ_6 /* Package.swift */ = {isa = PBXFileReference; explicitFileType = sourcecode.swift; path = Package.swift; sourceTree = "<group>"; };
		OBJ_61 /* DownStyler.swift */ = {isa = PBXFileReference; lastKnownFileType = sourcecode.swift; path = DownStyler.swift; sourceTree = "<group>"; };
		OBJ_62 /* DownStylerConfiguration.swift */ = {isa = PBXFileReference; lastKnownFileType = sourcecode.swift; path = DownStylerConfiguration.swift; sourceTree = "<group>"; };
		OBJ_63 /* Styler.swift */ = {isa = PBXFileReference; lastKnownFileType = sourcecode.swift; path = Styler.swift; sourceTree = "<group>"; };
		OBJ_65 /* DownDebugTextView.swift */ = {isa = PBXFileReference; lastKnownFileType = sourcecode.swift; path = DownDebugTextView.swift; sourceTree = "<group>"; };
		OBJ_66 /* DownTextView.swift */ = {isa = PBXFileReference; lastKnownFileType = sourcecode.swift; path = DownTextView.swift; sourceTree = "<group>"; };
		OBJ_68 /* AttributedStringVisitor.swift */ = {isa = PBXFileReference; lastKnownFileType = sourcecode.swift; path = AttributedStringVisitor.swift; sourceTree = "<group>"; };
		OBJ_69 /* DebugVisitor.swift */ = {isa = PBXFileReference; lastKnownFileType = sourcecode.swift; path = DebugVisitor.swift; sourceTree = "<group>"; };
		OBJ_70 /* ListItemPrefixGenerator.swift */ = {isa = PBXFileReference; lastKnownFileType = sourcecode.swift; path = ListItemPrefixGenerator.swift; sourceTree = "<group>"; };
		OBJ_71 /* Visitor.swift */ = {isa = PBXFileReference; lastKnownFileType = sourcecode.swift; path = Visitor.swift; sourceTree = "<group>"; };
		OBJ_72 /* Down.swift */ = {isa = PBXFileReference; lastKnownFileType = sourcecode.swift; path = Down.swift; sourceTree = "<group>"; };
		OBJ_74 /* DownErrors.swift */ = {isa = PBXFileReference; lastKnownFileType = sourcecode.swift; path = DownErrors.swift; sourceTree = "<group>"; };
		OBJ_75 /* DownOptions.swift */ = {isa = PBXFileReference; lastKnownFileType = sourcecode.swift; path = DownOptions.swift; sourceTree = "<group>"; };
		OBJ_77 /* NSAttributedString+HTML.swift */ = {isa = PBXFileReference; lastKnownFileType = sourcecode.swift; path = "NSAttributedString+HTML.swift"; sourceTree = "<group>"; };
		OBJ_78 /* String+ToHTML.swift */ = {isa = PBXFileReference; lastKnownFileType = sourcecode.swift; path = "String+ToHTML.swift"; sourceTree = "<group>"; };
		OBJ_80 /* DownASTRenderable.swift */ = {isa = PBXFileReference; lastKnownFileType = sourcecode.swift; path = DownASTRenderable.swift; sourceTree = "<group>"; };
		OBJ_81 /* DownAttributedStringRenderable.swift */ = {isa = PBXFileReference; lastKnownFileType = sourcecode.swift; path = DownAttributedStringRenderable.swift; sourceTree = "<group>"; };
		OBJ_82 /* DownCommonMarkRenderable.swift */ = {isa = PBXFileReference; lastKnownFileType = sourcecode.swift; path = DownCommonMarkRenderable.swift; sourceTree = "<group>"; };
		OBJ_83 /* DownGroffRenderable.swift */ = {isa = PBXFileReference; lastKnownFileType = sourcecode.swift; path = DownGroffRenderable.swift; sourceTree = "<group>"; };
		OBJ_84 /* DownHTMLRenderable.swift */ = {isa = PBXFileReference; lastKnownFileType = sourcecode.swift; path = DownHTMLRenderable.swift; sourceTree = "<group>"; };
		OBJ_85 /* DownLaTeXRenderable.swift */ = {isa = PBXFileReference; lastKnownFileType = sourcecode.swift; path = DownLaTeXRenderable.swift; sourceTree = "<group>"; };
		OBJ_86 /* DownRenderable.swift */ = {isa = PBXFileReference; lastKnownFileType = sourcecode.swift; path = DownRenderable.swift; sourceTree = "<group>"; };
		OBJ_87 /* DownXMLRenderable.swift */ = {isa = PBXFileReference; lastKnownFileType = sourcecode.swift; path = DownXMLRenderable.swift; sourceTree = "<group>"; };
		OBJ_89 /* BundleHelper.swift */ = {isa = PBXFileReference; lastKnownFileType = sourcecode.swift; path = BundleHelper.swift; sourceTree = "<group>"; };
		OBJ_9 /* Down.h */ = {isa = PBXFileReference; lastKnownFileType = sourcecode.c.h; path = Down.h; sourceTree = "<group>"; };
		OBJ_90 /* DownView.swift */ = {isa = PBXFileReference; lastKnownFileType = sourcecode.swift; path = DownView.swift; sourceTree = "<group>"; };
		OBJ_92 /* cmark_export.h */ = {isa = PBXFileReference; lastKnownFileType = sourcecode.c.h; path = cmark_export.h; sourceTree = "<group>"; };
		OBJ_93 /* config.h */ = {isa = PBXFileReference; lastKnownFileType = sourcecode.c.h; path = config.h; sourceTree = "<group>"; };
		OBJ_94 /* chunk.h */ = {isa = PBXFileReference; lastKnownFileType = sourcecode.c.h; path = chunk.h; sourceTree = "<group>"; };
		OBJ_95 /* case_fold_switch.inc */ = {isa = PBXFileReference; lastKnownFileType = sourcecode.pascal; path = case_fold_switch.inc; sourceTree = "<group>"; };
		OBJ_96 /* entities.inc */ = {isa = PBXFileReference; lastKnownFileType = sourcecode.pascal; path = entities.inc; sourceTree = "<group>"; };
		OBJ_97 /* parser.h */ = {isa = PBXFileReference; lastKnownFileType = sourcecode.c.h; path = parser.h; sourceTree = "<group>"; };
		OBJ_98 /* scanners.h */ = {isa = PBXFileReference; lastKnownFileType = sourcecode.c.h; path = scanners.h; sourceTree = "<group>"; };
		OBJ_99 /* node.h */ = {isa = PBXFileReference; lastKnownFileType = sourcecode.c.h; path = node.h; sourceTree = "<group>"; };
/* End PBXFileReference section */

/* Begin PBXFrameworksBuildPhase section */
		OBJ_245 /* Frameworks */ = {
			isa = PBXFrameworksBuildPhase;
			buildActionMask = 0;
			files = (
				OBJ_246 /* libcmark.framework in Frameworks */,
			);
			runOnlyForDeploymentPostprocessing = 0;
		};
		OBJ_274 /* Frameworks */ = {
			isa = PBXFrameworksBuildPhase;
			buildActionMask = 0;
			files = (
				OBJ_275 /* Down.framework in Frameworks */,
				OBJ_276 /* libcmark.framework in Frameworks */,
			);
			runOnlyForDeploymentPostprocessing = 0;
		};
		OBJ_302 /* Frameworks */ = {
			isa = PBXFrameworksBuildPhase;
			buildActionMask = 0;
			files = (
			);
			runOnlyForDeploymentPostprocessing = 0;
		};
/* End PBXFrameworksBuildPhase section */

/* Begin PBXGroup section */
		C0A4483825FB5AD9004C3AE0 /* include */ = {
			isa = PBXGroup;
			children = (
				C0A4483925FB5AD9004C3AE0 /* module.modulemap */,
			);
			path = include;
			sourceTree = "<group>";
		};
		OBJ_10 /* AST */ = {
			isa = PBXGroup;
			children = (
				OBJ_11 /* Nodes */,
				OBJ_35 /* Styling */,
				OBJ_67 /* Visitors */,
			);
			path = AST;
			sourceTree = "<group>";
		};
		OBJ_11 /* Nodes */ = {
			isa = PBXGroup;
			children = (
				OBJ_12 /* BaseNode.swift */,
				OBJ_13 /* BlockQuote.swift */,
				OBJ_14 /* ChildSequence.swift */,
				OBJ_15 /* Code.swift */,
				OBJ_16 /* CodeBlock.swift */,
				OBJ_17 /* CustomBlock.swift */,
				OBJ_18 /* CustomInline.swift */,
				OBJ_19 /* Document.swift */,
				OBJ_20 /* Emphasis.swift */,
				OBJ_21 /* Heading.swift */,
				OBJ_22 /* HtmlBlock.swift */,
				OBJ_23 /* HtmlInline.swift */,
				OBJ_24 /* Image.swift */,
				OBJ_25 /* Item.swift */,
				OBJ_26 /* LineBreak.swift */,
				OBJ_27 /* Link.swift */,
				OBJ_28 /* List.swift */,
				OBJ_29 /* Node.swift */,
				OBJ_30 /* Paragraph.swift */,
				OBJ_31 /* SoftBreak.swift */,
				OBJ_32 /* Strong.swift */,
				OBJ_33 /* Text.swift */,
				OBJ_34 /* ThematicBreak.swift */,
			);
			path = Nodes;
			sourceTree = "<group>";
		};
		OBJ_147 /* Tests */ = {
			isa = PBXGroup;
			children = (
				OBJ_148 /* DownTests */,
			);
			name = Tests;
			sourceTree = SOURCE_ROOT;
		};
		OBJ_148 /* DownTests */ = {
			isa = PBXGroup;
			children = (
				OBJ_149 /* AST */,
				OBJ_152 /* BindingTests.swift */,
				OBJ_153 /* NSAttributedStringTests.swift */,
				OBJ_154 /* StringTests.swift */,
				OBJ_155 /* Styler */,
			);
			name = DownTests;
			path = Tests/DownTests;
			sourceTree = SOURCE_ROOT;
		};
		OBJ_149 /* AST */ = {
			isa = PBXGroup;
			children = (
				OBJ_150 /* ListItemPrefixGeneratorTests.swift */,
				OBJ_151 /* NodeTests.swift */,
			);
			path = AST;
			sourceTree = "<group>";
		};
		OBJ_155 /* Styler */ = {
			isa = PBXGroup;
			children = (
				OBJ_156 /* Helpers */,
			);
			path = Styler;
			sourceTree = "<group>";
		};
		OBJ_156 /* Helpers */ = {
			isa = PBXGroup;
			children = (
				OBJ_157 /* CGPoint_TranslateTests.swift */,
				OBJ_158 /* CGRect_HelpersTests.swift */,
				OBJ_159 /* NSAttributedString+HelpersTests.swift */,
				OBJ_160 /* NSMutableAttributedString+AttributesTests.swift */,
			);
			path = Helpers;
			sourceTree = "<group>";
		};
		OBJ_161 /* Products */ = {
			isa = PBXGroup;
			children = (
				"Down::DownTests::Product" /* DownTests.xctest */,
				"Down::libcmark::Product" /* libcmark.framework */,
				"Down::Down::Product" /* Down.framework */,
			);
			name = Products;
			sourceTree = BUILT_PRODUCTS_DIR;
		};
		OBJ_35 /* Styling */ = {
			isa = PBXGroup;
			children = (
				OBJ_36 /* Attribute Collections */,
				OBJ_40 /* Custom Attributes */,
				OBJ_44 /* Helpers */,
				OBJ_52 /* Layout Managers */,
				OBJ_55 /* Options */,
				OBJ_60 /* Stylers */,
				OBJ_64 /* Text Views */,
			);
			path = Styling;
			sourceTree = "<group>";
		};
		OBJ_36 /* Attribute Collections */ = {
			isa = PBXGroup;
			children = (
				OBJ_37 /* ColorCollection.swift */,
				OBJ_38 /* FontCollection.swift */,
				OBJ_39 /* ParagraphStyleCollection.swift */,
			);
			path = "Attribute Collections";
			sourceTree = "<group>";
		};
		OBJ_40 /* Custom Attributes */ = {
			isa = PBXGroup;
			children = (
				OBJ_41 /* BlockBackgroundColorAttribute.swift */,
				OBJ_42 /* QuoteStripeAttribute.swift */,
				OBJ_43 /* ThematicBreakAttribute.swift */,
			);
			path = "Custom Attributes";
			sourceTree = "<group>";
		};
		OBJ_44 /* Helpers */ = {
			isa = PBXGroup;
			children = (
				OBJ_45 /* Extensions */,
				OBJ_51 /* ListItemParagraphStyler.swift */,
			);
			path = Helpers;
			sourceTree = "<group>";
		};
		OBJ_45 /* Extensions */ = {
			isa = PBXGroup;
			children = (
				OBJ_46 /* CGPoint+Translate.swift */,
				OBJ_47 /* CGRect+Helpers.swift */,
				OBJ_48 /* NSAttributedString+Helpers.swift */,
				OBJ_49 /* NSMutableAttributedString+Attributes.swift */,
				OBJ_50 /* UIFont+Traits.swift */,
			);
			path = Extensions;
			sourceTree = "<group>";
		};
		OBJ_5 = {
			isa = PBXGroup;
			children = (
				OBJ_6 /* Package.swift */,
				OBJ_7 /* Sources */,
				OBJ_147 /* Tests */,
				OBJ_161 /* Products */,
				OBJ_165 /* docker */,
				OBJ_166 /* Images */,
				OBJ_167 /* DownSnapshotTests */,
				OBJ_168 /* Supporting Files */,
				OBJ_169 /* Down-Example */,
				OBJ_170 /* codecov.yml */,
				OBJ_171 /* LICENSE */,
				OBJ_172 /* CHANGELOG.md */,
				OBJ_173 /* README.md */,
				OBJ_174 /* Down.podspec */,
			);
			sourceTree = "<group>";
		};
		OBJ_52 /* Layout Managers */ = {
			isa = PBXGroup;
			children = (
				OBJ_53 /* DownDebugLayoutManager.swift */,
				OBJ_54 /* DownLayoutManager.swift */,
			);
			path = "Layout Managers";
			sourceTree = "<group>";
		};
		OBJ_55 /* Options */ = {
			isa = PBXGroup;
			children = (
				OBJ_56 /* CodeBlockOptions.swift */,
				OBJ_57 /* ListItemOptions.swift */,
				OBJ_58 /* QuoteStripeOptions.swift */,
				OBJ_59 /* ThematicBreakOptions.swift */,
			);
			path = Options;
			sourceTree = "<group>";
		};
		OBJ_60 /* Stylers */ = {
			isa = PBXGroup;
			children = (
				OBJ_61 /* DownStyler.swift */,
				OBJ_62 /* DownStylerConfiguration.swift */,
				OBJ_63 /* Styler.swift */,
			);
			path = Stylers;
			sourceTree = "<group>";
		};
		OBJ_64 /* Text Views */ = {
			isa = PBXGroup;
			children = (
				OBJ_65 /* DownDebugTextView.swift */,
				OBJ_66 /* DownTextView.swift */,
			);
			path = "Text Views";
			sourceTree = "<group>";
		};
		OBJ_67 /* Visitors */ = {
			isa = PBXGroup;
			children = (
				OBJ_68 /* AttributedStringVisitor.swift */,
				OBJ_69 /* DebugVisitor.swift */,
				OBJ_70 /* ListItemPrefixGenerator.swift */,
				OBJ_71 /* Visitor.swift */,
			);
			path = Visitors;
			sourceTree = "<group>";
		};
		OBJ_7 /* Sources */ = {
			isa = PBXGroup;
			children = (
				OBJ_8 /* Down */,
				OBJ_91 /* libcmark */,
			);
			name = Sources;
			sourceTree = SOURCE_ROOT;
		};
		OBJ_73 /* Enums & Options */ = {
			isa = PBXGroup;
			children = (
				OBJ_74 /* DownErrors.swift */,
				OBJ_75 /* DownOptions.swift */,
			);
			path = "Enums & Options";
			sourceTree = "<group>";
		};
		OBJ_76 /* Extensions */ = {
			isa = PBXGroup;
			children = (
				OBJ_77 /* NSAttributedString+HTML.swift */,
				OBJ_78 /* String+ToHTML.swift */,
			);
			path = Extensions;
			sourceTree = "<group>";
		};
		OBJ_79 /* Renderers */ = {
			isa = PBXGroup;
			children = (
				OBJ_80 /* DownASTRenderable.swift */,
				OBJ_81 /* DownAttributedStringRenderable.swift */,
				OBJ_82 /* DownCommonMarkRenderable.swift */,
				OBJ_83 /* DownGroffRenderable.swift */,
				OBJ_84 /* DownHTMLRenderable.swift */,
				OBJ_85 /* DownLaTeXRenderable.swift */,
				OBJ_86 /* DownRenderable.swift */,
				OBJ_87 /* DownXMLRenderable.swift */,
			);
			path = Renderers;
			sourceTree = "<group>";
		};
		OBJ_8 /* Down */ = {
			isa = PBXGroup;
			children = (
				OBJ_9 /* Down.h */,
				OBJ_10 /* AST */,
				OBJ_72 /* Down.swift */,
				OBJ_73 /* Enums & Options */,
				OBJ_76 /* Extensions */,
				OBJ_79 /* Renderers */,
				OBJ_88 /* Views */,
			);
			name = Down;
			path = Sources/Down;
			sourceTree = SOURCE_ROOT;
		};
		OBJ_88 /* Views */ = {
			isa = PBXGroup;
			children = (
				OBJ_89 /* BundleHelper.swift */,
				OBJ_90 /* DownView.swift */,
			);
			path = Views;
			sourceTree = "<group>";
		};
		OBJ_91 /* libcmark */ = {
			isa = PBXGroup;
			children = (
				C0A4483825FB5AD9004C3AE0 /* include */,
				OBJ_92 /* cmark_export.h */,
				OBJ_93 /* config.h */,
				OBJ_94 /* chunk.h */,
				OBJ_95 /* case_fold_switch.inc */,
				OBJ_96 /* entities.inc */,
				OBJ_97 /* parser.h */,
				OBJ_98 /* scanners.h */,
				OBJ_99 /* node.h */,
				OBJ_100 /* cmark_version.h */,
				OBJ_101 /* cmark_ctype.h */,
				OBJ_102 /* buffer.h */,
				OBJ_103 /* COPYING */,
				OBJ_104 /* cmark.h */,
				OBJ_105 /* inlines.h */,
				OBJ_106 /* houdini.h */,
				OBJ_107 /* iterator.h */,
				OBJ_108 /* utf8.h */,
				OBJ_109 /* references.h */,
				OBJ_110 /* render.h */,
				OBJ_111 /* blocks.c */,
				OBJ_112 /* buffer.c */,
				OBJ_113 /* cmark.c */,
				OBJ_114 /* cmark_ctype.c */,
				OBJ_115 /* commonmark.c */,
				OBJ_116 /* houdini_href_e.c */,
				OBJ_117 /* houdini_html_e.c */,
				OBJ_118 /* houdini_html_u.c */,
				OBJ_119 /* html.c */,
				OBJ_120 /* inlines.c */,
				OBJ_121 /* iterator.c */,
				OBJ_122 /* latex.c */,
				OBJ_123 /* man.c */,
				OBJ_124 /* node.c */,
				OBJ_125 /* references.c */,
				OBJ_126 /* render.c */,
				OBJ_127 /* scanners.c */,
				OBJ_128 /* utf8.c */,
				OBJ_129 /* xml.c */,
				OBJ_130 /* cmark_export.h */,
				OBJ_131 /* config.h */,
				OBJ_132 /* chunk.h */,
				OBJ_133 /* parser.h */,
				OBJ_134 /* scanners.h */,
				OBJ_135 /* node.h */,
				OBJ_136 /* cmark_version.h */,
				OBJ_137 /* cmark_ctype.h */,
				OBJ_138 /* buffer.h */,
				OBJ_139 /* cmark.h */,
				OBJ_140 /* inlines.h */,
				OBJ_141 /* houdini.h */,
				OBJ_142 /* iterator.h */,
				OBJ_143 /* utf8.h */,
				OBJ_144 /* references.h */,
				OBJ_145 /* render.h */,
			);
			name = libcmark;
			path = Sources/cmark;
			sourceTree = SOURCE_ROOT;
		};
/* End PBXGroup section */

/* Begin PBXHeadersBuildPhase section */
		C0A4484425FB5CD6004C3AE0 /* Headers */ = {
			isa = PBXHeadersBuildPhase;
			buildActionMask = 2147483647;
			files = (
			);
			runOnlyForDeploymentPostprocessing = 0;
		};
		C0A4484525FB5CE7004C3AE0 /* Headers */ = {
			isa = PBXHeadersBuildPhase;
			buildActionMask = 2147483647;
			files = (
				C0A4485025FB5CEB004C3AE0 /* cmark_version.h in Headers */,
				C0A4485325FB5CEB004C3AE0 /* cmark_ctype.h in Headers */,
				C0A4484E25FB5CEB004C3AE0 /* cmark_export.h in Headers */,
				C0A4485125FB5CEB004C3AE0 /* render.h in Headers */,
				C0A4485225FB5CEB004C3AE0 /* inlines.h in Headers */,
				C0A4484B25FB5CEB004C3AE0 /* node.h in Headers */,
				C0A4484925FB5CEB004C3AE0 /* references.h in Headers */,
				C0A4484D25FB5CEB004C3AE0 /* iterator.h in Headers */,
				C0A4484725FB5CEB004C3AE0 /* chunk.h in Headers */,
				C0A4484F25FB5CEB004C3AE0 /* utf8.h in Headers */,
				C0A4484C25FB5CEB004C3AE0 /* cmark.h in Headers */,
				C0A4484A25FB5CEB004C3AE0 /* scanners.h in Headers */,
				C0A4484625FB5CEB004C3AE0 /* buffer.h in Headers */,
				C0A4484825FB5CEB004C3AE0 /* parser.h in Headers */,
				C0A4485425FB5CEB004C3AE0 /* config.h in Headers */,
				C0A4485525FB5CEB004C3AE0 /* houdini.h in Headers */,
			);
			runOnlyForDeploymentPostprocessing = 0;
		};
/* End PBXHeadersBuildPhase section */

/* Begin PBXNativeTarget section */
		"Down::Down" /* Down */ = {
			isa = PBXNativeTarget;
			buildConfigurationList = OBJ_176 /* Build configuration list for PBXNativeTarget "Down" */;
			buildPhases = (
				C0A4484425FB5CD6004C3AE0 /* Headers */,
				OBJ_179 /* Sources */,
				OBJ_245 /* Frameworks */,
			);
			buildRules = (
			);
			dependencies = (
				OBJ_247 /* PBXTargetDependency */,
			);
			name = Down;
			productName = Down;
			productReference = "Down::Down::Product" /* Down.framework */;
			productType = "com.apple.product-type.framework";
		};
		"Down::DownTests" /* DownTests */ = {
			isa = PBXNativeTarget;
			buildConfigurationList = OBJ_261 /* Build configuration list for PBXNativeTarget "DownTests" */;
			buildPhases = (
				OBJ_264 /* Sources */,
				OBJ_274 /* Frameworks */,
			);
			buildRules = (
			);
			dependencies = (
				OBJ_277 /* PBXTargetDependency */,
				OBJ_278 /* PBXTargetDependency */,
			);
			name = DownTests;
			productName = DownTests;
			productReference = "Down::DownTests::Product" /* DownTests.xctest */;
			productType = "com.apple.product-type.bundle.unit-test";
		};
		"Down::SwiftPMPackageDescription" /* DownPackageDescription */ = {
			isa = PBXNativeTarget;
			buildConfigurationList = OBJ_250 /* Build configuration list for PBXNativeTarget "DownPackageDescription" */;
			buildPhases = (
				OBJ_253 /* Sources */,
			);
			buildRules = (
			);
			dependencies = (
			);
			name = DownPackageDescription;
			productName = DownPackageDescription;
			productType = "com.apple.product-type.framework";
		};
		"Down::libcmark" /* libcmark */ = {
			isa = PBXNativeTarget;
			buildConfigurationList = OBJ_279 /* Build configuration list for PBXNativeTarget "libcmark" */;
			buildPhases = (
				C0A4484525FB5CE7004C3AE0 /* Headers */,
				OBJ_282 /* Sources */,
				OBJ_302 /* Frameworks */,
			);
			buildRules = (
			);
			dependencies = (
			);
			name = libcmark;
			productName = libcmark;
			productReference = "Down::libcmark::Product" /* libcmark.framework */;
			productType = "com.apple.product-type.framework";
		};
/* End PBXNativeTarget section */

/* Begin PBXProject section */
		OBJ_1 /* Project object */ = {
			isa = PBXProject;
			attributes = {
				LastSwiftMigration = 9999;
				LastUpgradeCheck = 9999;
			};
			buildConfigurationList = OBJ_2 /* Build configuration list for PBXProject "Down" */;
			compatibilityVersion = "Xcode 3.2";
			developmentRegion = en;
			hasScannedForEncodings = 0;
			knownRegions = (
				en,
			);
			mainGroup = OBJ_5;
			productRefGroup = OBJ_161 /* Products */;
			projectDirPath = "";
			projectRoot = "";
			targets = (
				"Down::Down" /* Down */,
				"Down::libcmark" /* libcmark */,
				"Down::SwiftPMPackageDescription" /* DownPackageDescription */,
				"Down::DownPackageTests::ProductTarget" /* DownPackageTests */,
				"Down::DownTests" /* DownTests */,
			);
		};
/* End PBXProject section */

/* Begin PBXSourcesBuildPhase section */
		OBJ_179 /* Sources */ = {
			isa = PBXSourcesBuildPhase;
			buildActionMask = 0;
			files = (
				OBJ_180 /* BaseNode.swift in Sources */,
				OBJ_181 /* BlockQuote.swift in Sources */,
				OBJ_182 /* ChildSequence.swift in Sources */,
				OBJ_183 /* Code.swift in Sources */,
				OBJ_184 /* CodeBlock.swift in Sources */,
				OBJ_185 /* CustomBlock.swift in Sources */,
				OBJ_186 /* CustomInline.swift in Sources */,
				OBJ_187 /* Document.swift in Sources */,
				OBJ_188 /* Emphasis.swift in Sources */,
				OBJ_189 /* Heading.swift in Sources */,
				OBJ_190 /* HtmlBlock.swift in Sources */,
				OBJ_191 /* HtmlInline.swift in Sources */,
				OBJ_192 /* Image.swift in Sources */,
				OBJ_193 /* Item.swift in Sources */,
				OBJ_194 /* LineBreak.swift in Sources */,
				OBJ_195 /* Link.swift in Sources */,
				OBJ_196 /* List.swift in Sources */,
				OBJ_197 /* Node.swift in Sources */,
				OBJ_198 /* Paragraph.swift in Sources */,
				OBJ_199 /* SoftBreak.swift in Sources */,
				OBJ_200 /* Strong.swift in Sources */,
				OBJ_201 /* Text.swift in Sources */,
				OBJ_202 /* ThematicBreak.swift in Sources */,
				OBJ_203 /* ColorCollection.swift in Sources */,
				OBJ_204 /* FontCollection.swift in Sources */,
				OBJ_205 /* ParagraphStyleCollection.swift in Sources */,
				OBJ_206 /* BlockBackgroundColorAttribute.swift in Sources */,
				OBJ_207 /* QuoteStripeAttribute.swift in Sources */,
				OBJ_208 /* ThematicBreakAttribute.swift in Sources */,
				OBJ_209 /* CGPoint+Translate.swift in Sources */,
				OBJ_210 /* CGRect+Helpers.swift in Sources */,
				OBJ_211 /* NSAttributedString+Helpers.swift in Sources */,
				OBJ_212 /* NSMutableAttributedString+Attributes.swift in Sources */,
				OBJ_213 /* UIFont+Traits.swift in Sources */,
				OBJ_214 /* ListItemParagraphStyler.swift in Sources */,
				OBJ_215 /* DownDebugLayoutManager.swift in Sources */,
				OBJ_216 /* DownLayoutManager.swift in Sources */,
				OBJ_217 /* CodeBlockOptions.swift in Sources */,
				OBJ_218 /* ListItemOptions.swift in Sources */,
				OBJ_219 /* QuoteStripeOptions.swift in Sources */,
				OBJ_220 /* ThematicBreakOptions.swift in Sources */,
				OBJ_221 /* DownStyler.swift in Sources */,
				OBJ_222 /* DownStylerConfiguration.swift in Sources */,
				OBJ_223 /* Styler.swift in Sources */,
				OBJ_224 /* DownDebugTextView.swift in Sources */,
				OBJ_225 /* DownTextView.swift in Sources */,
				OBJ_226 /* AttributedStringVisitor.swift in Sources */,
				OBJ_227 /* DebugVisitor.swift in Sources */,
				OBJ_228 /* ListItemPrefixGenerator.swift in Sources */,
				OBJ_229 /* Visitor.swift in Sources */,
				OBJ_230 /* Down.swift in Sources */,
				OBJ_231 /* DownErrors.swift in Sources */,
				OBJ_232 /* DownOptions.swift in Sources */,
				OBJ_233 /* NSAttributedString+HTML.swift in Sources */,
				OBJ_234 /* String+ToHTML.swift in Sources */,
				OBJ_235 /* DownASTRenderable.swift in Sources */,
				OBJ_236 /* DownAttributedStringRenderable.swift in Sources */,
				OBJ_237 /* DownCommonMarkRenderable.swift in Sources */,
				OBJ_238 /* DownGroffRenderable.swift in Sources */,
				OBJ_239 /* DownHTMLRenderable.swift in Sources */,
				OBJ_240 /* DownLaTeXRenderable.swift in Sources */,
				OBJ_241 /* DownRenderable.swift in Sources */,
				OBJ_242 /* DownXMLRenderable.swift in Sources */,
				OBJ_243 /* BundleHelper.swift in Sources */,
				OBJ_244 /* DownView.swift in Sources */,
			);
			runOnlyForDeploymentPostprocessing = 0;
		};
		OBJ_253 /* Sources */ = {
			isa = PBXSourcesBuildPhase;
			buildActionMask = 0;
			files = (
				OBJ_254 /* Package.swift in Sources */,
			);
			runOnlyForDeploymentPostprocessing = 0;
		};
		OBJ_264 /* Sources */ = {
			isa = PBXSourcesBuildPhase;
			buildActionMask = 0;
			files = (
				OBJ_265 /* ListItemPrefixGeneratorTests.swift in Sources */,
				OBJ_266 /* NodeTests.swift in Sources */,
				OBJ_267 /* BindingTests.swift in Sources */,
				OBJ_268 /* NSAttributedStringTests.swift in Sources */,
				OBJ_269 /* StringTests.swift in Sources */,
				OBJ_270 /* CGPoint_TranslateTests.swift in Sources */,
				OBJ_271 /* CGRect_HelpersTests.swift in Sources */,
				OBJ_272 /* NSAttributedString+HelpersTests.swift in Sources */,
				OBJ_273 /* NSMutableAttributedString+AttributesTests.swift in Sources */,
			);
			runOnlyForDeploymentPostprocessing = 0;
		};
		OBJ_282 /* Sources */ = {
			isa = PBXSourcesBuildPhase;
			buildActionMask = 0;
			files = (
				OBJ_283 /* blocks.c in Sources */,
				OBJ_284 /* buffer.c in Sources */,
				OBJ_285 /* cmark.c in Sources */,
				OBJ_286 /* cmark_ctype.c in Sources */,
				OBJ_287 /* commonmark.c in Sources */,
				OBJ_288 /* houdini_href_e.c in Sources */,
				OBJ_289 /* houdini_html_e.c in Sources */,
				OBJ_290 /* houdini_html_u.c in Sources */,
				OBJ_291 /* html.c in Sources */,
				OBJ_292 /* inlines.c in Sources */,
				OBJ_293 /* iterator.c in Sources */,
				OBJ_294 /* latex.c in Sources */,
				OBJ_295 /* man.c in Sources */,
				OBJ_296 /* node.c in Sources */,
				OBJ_297 /* references.c in Sources */,
				OBJ_298 /* render.c in Sources */,
				OBJ_299 /* scanners.c in Sources */,
				OBJ_300 /* utf8.c in Sources */,
				OBJ_301 /* xml.c in Sources */,
			);
			runOnlyForDeploymentPostprocessing = 0;
		};
/* End PBXSourcesBuildPhase section */

/* Begin PBXTargetDependency section */
		OBJ_247 /* PBXTargetDependency */ = {
			isa = PBXTargetDependency;
			target = "Down::libcmark" /* libcmark */;
			targetProxy = C01AF75525FB436E00FAE709 /* PBXContainerItemProxy */;
		};
		OBJ_259 /* PBXTargetDependency */ = {
			isa = PBXTargetDependency;
			target = "Down::DownTests" /* DownTests */;
			targetProxy = C01AF75A25FB437000FAE709 /* PBXContainerItemProxy */;
		};
		OBJ_277 /* PBXTargetDependency */ = {
			isa = PBXTargetDependency;
			target = "Down::Down" /* Down */;
			targetProxy = C01AF75625FB436E00FAE709 /* PBXContainerItemProxy */;
		};
		OBJ_278 /* PBXTargetDependency */ = {
			isa = PBXTargetDependency;
			target = "Down::libcmark" /* libcmark */;
			targetProxy = C01AF75725FB436E00FAE709 /* PBXContainerItemProxy */;
		};
/* End PBXTargetDependency section */

/* Begin XCBuildConfiguration section */
		OBJ_177 /* Debug */ = {
			isa = XCBuildConfiguration;
			buildSettings = {
				ENABLE_TESTABILITY = YES;
				FRAMEWORK_SEARCH_PATHS = (
					"$(inherited)",
					"$(PLATFORM_DIR)/Developer/Library/Frameworks",
				);
				HEADER_SEARCH_PATHS = (
					"$(inherited)",
					"$(SRCROOT)/Sources/cmark",
					"$(SRCROOT)/Sources/cmark/include",
				);
				INFOPLIST_FILE = Down.xcodeproj/Down_Info.plist;
				IPHONEOS_DEPLOYMENT_TARGET = 9.0;
				LD_RUNPATH_SEARCH_PATHS = "$(inherited) $(TOOLCHAIN_DIR)/usr/lib/swift/macosx";
				MACOSX_DEPLOYMENT_TARGET = 10.11;
				OTHER_CFLAGS = "$(inherited)";
				OTHER_LDFLAGS = "$(inherited)";
				OTHER_SWIFT_FLAGS = "$(inherited) -Xcc -fmodule-map-file=$(SRCROOT)/Sources/cmark/include/module.modulemap";
				PRODUCT_BUNDLE_IDENTIFIER = Down;
				PRODUCT_MODULE_NAME = "$(TARGET_NAME:c99extidentifier)";
				PRODUCT_NAME = "$(TARGET_NAME:c99extidentifier)";
				SKIP_INSTALL = YES;
				SWIFT_ACTIVE_COMPILATION_CONDITIONS = "$(inherited)";
				SWIFT_VERSION = 5.0;
				TARGET_NAME = Down;
				TVOS_DEPLOYMENT_TARGET = 9.0;
				WATCHOS_DEPLOYMENT_TARGET = 2.0;
			};
			name = Debug;
		};
		OBJ_178 /* Release */ = {
			isa = XCBuildConfiguration;
			buildSettings = {
				ENABLE_TESTABILITY = YES;
				FRAMEWORK_SEARCH_PATHS = (
					"$(inherited)",
					"$(PLATFORM_DIR)/Developer/Library/Frameworks",
				);
				HEADER_SEARCH_PATHS = (
					"$(inherited)",
					"$(SRCROOT)/Sources/cmark",
					"$(SRCROOT)/Sources/cmark/include",
				);
				INFOPLIST_FILE = Down.xcodeproj/Down_Info.plist;
				IPHONEOS_DEPLOYMENT_TARGET = 9.0;
				LD_RUNPATH_SEARCH_PATHS = "$(inherited) $(TOOLCHAIN_DIR)/usr/lib/swift/macosx";
				MACOSX_DEPLOYMENT_TARGET = 10.11;
				OTHER_CFLAGS = "$(inherited)";
				OTHER_LDFLAGS = "$(inherited)";
				OTHER_SWIFT_FLAGS = "$(inherited) -Xcc -fmodule-map-file=$(SRCROOT)/Sources/cmark/include/module.modulemap";
				PRODUCT_BUNDLE_IDENTIFIER = Down;
				PRODUCT_MODULE_NAME = "$(TARGET_NAME:c99extidentifier)";
				PRODUCT_NAME = "$(TARGET_NAME:c99extidentifier)";
				SKIP_INSTALL = YES;
				SWIFT_ACTIVE_COMPILATION_CONDITIONS = "$(inherited)";
				SWIFT_VERSION = 5.0;
				TARGET_NAME = Down;
				TVOS_DEPLOYMENT_TARGET = 9.0;
				WATCHOS_DEPLOYMENT_TARGET = 2.0;
			};
			name = Release;
		};
		OBJ_251 /* Debug */ = {
			isa = XCBuildConfiguration;
			buildSettings = {
				LD = /usr/bin/true;
				OTHER_SWIFT_FLAGS = "-swift-version 5 -I $(TOOLCHAIN_DIR)/usr/lib/swift/pm/4_2 -sdk /Applications/Xcode.app/Contents/Developer/Platforms/MacOSX.platform/Developer/SDKs/MacOSX11.1.sdk -package-description-version 5.3.0";
				SWIFT_VERSION = 5.0;
			};
			name = Debug;
		};
		OBJ_252 /* Release */ = {
			isa = XCBuildConfiguration;
			buildSettings = {
				LD = /usr/bin/true;
				OTHER_SWIFT_FLAGS = "-swift-version 5 -I $(TOOLCHAIN_DIR)/usr/lib/swift/pm/4_2 -sdk /Applications/Xcode.app/Contents/Developer/Platforms/MacOSX.platform/Developer/SDKs/MacOSX11.1.sdk -package-description-version 5.3.0";
				SWIFT_VERSION = 5.0;
			};
			name = Release;
		};
		OBJ_257 /* Debug */ = {
			isa = XCBuildConfiguration;
			buildSettings = {
			};
			name = Debug;
		};
		OBJ_258 /* Release */ = {
			isa = XCBuildConfiguration;
			buildSettings = {
			};
			name = Release;
		};
		OBJ_262 /* Debug */ = {
			isa = XCBuildConfiguration;
			buildSettings = {
				CLANG_ENABLE_MODULES = YES;
				EMBEDDED_CONTENT_CONTAINS_SWIFT = YES;
				FRAMEWORK_SEARCH_PATHS = (
					"$(inherited)",
					"$(PLATFORM_DIR)/Developer/Library/Frameworks",
				);
				HEADER_SEARCH_PATHS = (
					"$(inherited)",
					"$(SRCROOT)/Sources/cmark",
					"$(SRCROOT)/Sources/cmark/include",
				);
				INFOPLIST_FILE = Down.xcodeproj/DownTests_Info.plist;
				IPHONEOS_DEPLOYMENT_TARGET = 14.0;
				LD_RUNPATH_SEARCH_PATHS = "$(inherited) @loader_path/../Frameworks @loader_path/Frameworks";
				MACOSX_DEPLOYMENT_TARGET = 10.15;
				OTHER_CFLAGS = "$(inherited)";
				OTHER_LDFLAGS = "$(inherited)";
				OTHER_SWIFT_FLAGS = "$(inherited) -Xcc -fmodule-map-file=$(SRCROOT)/Sources/cmark/include/module.modulemap";
				SWIFT_ACTIVE_COMPILATION_CONDITIONS = "$(inherited)";
				SWIFT_VERSION = 5.0;
				TARGET_NAME = DownTests;
				TVOS_DEPLOYMENT_TARGET = 9.0;
				WATCHOS_DEPLOYMENT_TARGET = 2.0;
			};
			name = Debug;
		};
		OBJ_263 /* Release */ = {
			isa = XCBuildConfiguration;
			buildSettings = {
				CLANG_ENABLE_MODULES = YES;
				EMBEDDED_CONTENT_CONTAINS_SWIFT = YES;
				FRAMEWORK_SEARCH_PATHS = (
					"$(inherited)",
					"$(PLATFORM_DIR)/Developer/Library/Frameworks",
				);
				HEADER_SEARCH_PATHS = (
					"$(inherited)",
					"$(SRCROOT)/Sources/cmark",
					"$(SRCROOT)/Sources/cmark/include",
				);
				INFOPLIST_FILE = Down.xcodeproj/DownTests_Info.plist;
				IPHONEOS_DEPLOYMENT_TARGET = 14.0;
				LD_RUNPATH_SEARCH_PATHS = "$(inherited) @loader_path/../Frameworks @loader_path/Frameworks";
				MACOSX_DEPLOYMENT_TARGET = 10.15;
				OTHER_CFLAGS = "$(inherited)";
				OTHER_LDFLAGS = "$(inherited)";
				OTHER_SWIFT_FLAGS = "$(inherited) -Xcc -fmodule-map-file=$(SRCROOT)/Sources/cmark/include/module.modulemap";
				SWIFT_ACTIVE_COMPILATION_CONDITIONS = "$(inherited)";
				SWIFT_VERSION = 5.0;
				TARGET_NAME = DownTests;
				TVOS_DEPLOYMENT_TARGET = 9.0;
				WATCHOS_DEPLOYMENT_TARGET = 2.0;
			};
			name = Release;
		};
		OBJ_280 /* Debug */ = {
			isa = XCBuildConfiguration;
			buildSettings = {
				DEFINES_MODULE = NO;
				ENABLE_TESTABILITY = YES;
				FRAMEWORK_SEARCH_PATHS = (
					"$(inherited)",
					"$(PLATFORM_DIR)/Developer/Library/Frameworks",
				);
				HEADER_SEARCH_PATHS = (
					"$(inherited)",
					"$(SRCROOT)/Sources/cmark",
				);
				INFOPLIST_FILE = Down.xcodeproj/libcmark_Info.plist;
				IPHONEOS_DEPLOYMENT_TARGET = 9.0;
				LD_RUNPATH_SEARCH_PATHS = "$(inherited) $(TOOLCHAIN_DIR)/usr/lib/swift/macosx";
				MACOSX_DEPLOYMENT_TARGET = 10.11;
				OTHER_CFLAGS = "$(inherited)";
				OTHER_LDFLAGS = "$(inherited)";
				OTHER_SWIFT_FLAGS = "$(inherited)";
				PRODUCT_BUNDLE_IDENTIFIER = libcmark;
				PRODUCT_MODULE_NAME = "$(TARGET_NAME:c99extidentifier)";
				PRODUCT_NAME = "$(TARGET_NAME:c99extidentifier)";
				SKIP_INSTALL = YES;
				SWIFT_ACTIVE_COMPILATION_CONDITIONS = "$(inherited)";
				TARGET_NAME = libcmark;
				TVOS_DEPLOYMENT_TARGET = 9.0;
				WATCHOS_DEPLOYMENT_TARGET = 2.0;
			};
			name = Debug;
		};
		OBJ_281 /* Release */ = {
			isa = XCBuildConfiguration;
			buildSettings = {
				DEFINES_MODULE = NO;
				ENABLE_TESTABILITY = YES;
				FRAMEWORK_SEARCH_PATHS = (
					"$(inherited)",
					"$(PLATFORM_DIR)/Developer/Library/Frameworks",
				);
				HEADER_SEARCH_PATHS = (
					"$(inherited)",
					"$(SRCROOT)/Sources/cmark",
				);
				INFOPLIST_FILE = Down.xcodeproj/libcmark_Info.plist;
				IPHONEOS_DEPLOYMENT_TARGET = 9.0;
				LD_RUNPATH_SEARCH_PATHS = "$(inherited) $(TOOLCHAIN_DIR)/usr/lib/swift/macosx";
				MACOSX_DEPLOYMENT_TARGET = 10.11;
				OTHER_CFLAGS = "$(inherited)";
				OTHER_LDFLAGS = "$(inherited)";
				OTHER_SWIFT_FLAGS = "$(inherited)";
				PRODUCT_BUNDLE_IDENTIFIER = libcmark;
				PRODUCT_MODULE_NAME = "$(TARGET_NAME:c99extidentifier)";
				PRODUCT_NAME = "$(TARGET_NAME:c99extidentifier)";
				SKIP_INSTALL = YES;
				SWIFT_ACTIVE_COMPILATION_CONDITIONS = "$(inherited)";
				TARGET_NAME = libcmark;
				TVOS_DEPLOYMENT_TARGET = 9.0;
				WATCHOS_DEPLOYMENT_TARGET = 2.0;
			};
			name = Release;
		};
		OBJ_3 /* Debug */ = {
			isa = XCBuildConfiguration;
			buildSettings = {
				CLANG_ENABLE_OBJC_ARC = YES;
				COMBINE_HIDPI_IMAGES = YES;
				COPY_PHASE_STRIP = NO;
				DEBUG_INFORMATION_FORMAT = dwarf;
				DYLIB_INSTALL_NAME_BASE = "@rpath";
				ENABLE_NS_ASSERTIONS = YES;
				GCC_OPTIMIZATION_LEVEL = 0;
				GCC_PREPROCESSOR_DEFINITIONS = (
					"$(inherited)",
					"SWIFT_PACKAGE=1",
					"DEBUG=1",
				);
				MACOSX_DEPLOYMENT_TARGET = 10.10;
				ONLY_ACTIVE_ARCH = YES;
				OTHER_SWIFT_FLAGS = "$(inherited) -DXcode";
				PRODUCT_NAME = "$(TARGET_NAME)";
				SDKROOT = macosx;
				SUPPORTED_PLATFORMS = "macosx iphoneos iphonesimulator appletvos appletvsimulator watchos watchsimulator";
				SWIFT_ACTIVE_COMPILATION_CONDITIONS = "$(inherited) SWIFT_PACKAGE DEBUG";
				SWIFT_OPTIMIZATION_LEVEL = "-Onone";
				USE_HEADERMAP = NO;
			};
			name = Debug;
		};
		OBJ_4 /* Release */ = {
			isa = XCBuildConfiguration;
			buildSettings = {
				CLANG_ENABLE_OBJC_ARC = YES;
				COMBINE_HIDPI_IMAGES = YES;
				COPY_PHASE_STRIP = YES;
				DEBUG_INFORMATION_FORMAT = "dwarf-with-dsym";
				DYLIB_INSTALL_NAME_BASE = "@rpath";
				GCC_OPTIMIZATION_LEVEL = s;
				GCC_PREPROCESSOR_DEFINITIONS = (
					"$(inherited)",
					"SWIFT_PACKAGE=1",
				);
				MACOSX_DEPLOYMENT_TARGET = 10.10;
				OTHER_SWIFT_FLAGS = "$(inherited) -DXcode";
				PRODUCT_NAME = "$(TARGET_NAME)";
				SDKROOT = macosx;
				SUPPORTED_PLATFORMS = "macosx iphoneos iphonesimulator appletvos appletvsimulator watchos watchsimulator";
				SWIFT_ACTIVE_COMPILATION_CONDITIONS = "$(inherited) SWIFT_PACKAGE";
				SWIFT_OPTIMIZATION_LEVEL = "-Owholemodule";
				USE_HEADERMAP = NO;
			};
			name = Release;
		};
/* End XCBuildConfiguration section */

/* Begin XCConfigurationList section */
		OBJ_176 /* Build configuration list for PBXNativeTarget "Down" */ = {
			isa = XCConfigurationList;
			buildConfigurations = (
				OBJ_177 /* Debug */,
				OBJ_178 /* Release */,
			);
			defaultConfigurationIsVisible = 0;
			defaultConfigurationName = Release;
		};
		OBJ_2 /* Build configuration list for PBXProject "Down" */ = {
			isa = XCConfigurationList;
			buildConfigurations = (
				OBJ_3 /* Debug */,
				OBJ_4 /* Release */,
			);
			defaultConfigurationIsVisible = 0;
			defaultConfigurationName = Release;
		};
		OBJ_250 /* Build configuration list for PBXNativeTarget "DownPackageDescription" */ = {
			isa = XCConfigurationList;
			buildConfigurations = (
				OBJ_251 /* Debug */,
				OBJ_252 /* Release */,
			);
			defaultConfigurationIsVisible = 0;
			defaultConfigurationName = Release;
		};
		OBJ_256 /* Build configuration list for PBXAggregateTarget "DownPackageTests" */ = {
			isa = XCConfigurationList;
			buildConfigurations = (
				OBJ_257 /* Debug */,
				OBJ_258 /* Release */,
			);
			defaultConfigurationIsVisible = 0;
			defaultConfigurationName = Release;
		};
		OBJ_261 /* Build configuration list for PBXNativeTarget "DownTests" */ = {
			isa = XCConfigurationList;
			buildConfigurations = (
				OBJ_262 /* Debug */,
				OBJ_263 /* Release */,
			);
			defaultConfigurationIsVisible = 0;
			defaultConfigurationName = Release;
		};
		OBJ_279 /* Build configuration list for PBXNativeTarget "libcmark" */ = {
			isa = XCConfigurationList;
			buildConfigurations = (
				OBJ_280 /* Debug */,
				OBJ_281 /* Release */,
			);
			defaultConfigurationIsVisible = 0;
			defaultConfigurationName = Release;
		};
/* End XCConfigurationList section */
	};
	rootObject = OBJ_1 /* Project object */;
}
